
Microsoft Visual Studio Solution File, Format Version 12.00
# Visual Studio Version 17
VisualStudioVersion = 17.9.34714.143
MinimumVisualStudioVersion = 10.0.40219.1
Project("{9A19103F-16F7-4668-BE54-9A1E7A4F7556}") = "Calculator", "Calculator\Calculator.csproj", "{8D68F0DE-0916-4622-904A-75A37DE38B38}"
EndProject
Project("{FAE04EC0-301F-11D3-BF4B-00C04F79EFBC}") = "CalculatorLibrary", "CalculatorLibrary\CalculatorLibrary.csproj", "{8EDAC639-66B2-45E5-A5DD-A5B9F0595B91}"
EndProject
Global
	GlobalSection(SolutionConfigurationPlatforms) = preSolution
		Debug|Any CPU = Debug|Any CPU
		Release|Any CPU = Release|Any CPU
	EndGlobalSection
	GlobalSection(ProjectConfigurationPlatforms) = postSolution
		{8D68F0DE-0916-4622-904A-75A37DE38B38}.Debug|Any CPU.ActiveCfg = Debug|Any CPU
		{8D68F0DE-0916-4622-904A-75A37DE38B38}.Debug|Any CPU.Build.0 = Debug|Any CPU
		{8D68F0DE-0916-4622-904A-75A37DE38B38}.Release|Any CPU.ActiveCfg = Release|Any CPU
		{8D68F0DE-0916-4622-904A-75A37DE38B38}.Release|Any CPU.Build.0 = Release|Any CPU
		{8EDAC639-66B2-45E5-A5DD-A5B9F0595B91}.Debug|Any CPU.ActiveCfg = Debug|Any CPU
		{8EDAC639-66B2-45E5-A5DD-A5B9F0595B91}.Debug|Any CPU.Build.0 = Debug|Any CPU
		{8EDAC639-66B2-45E5-A5DD-A5B9F0595B91}.Release|Any CPU.ActiveCfg = Release|Any CPU
		{8EDAC639-66B2-45E5-A5DD-A5B9F0595B91}.Release|Any CPU.Build.0 = Release|Any CPU
	EndGlobalSection
	GlobalSection(SolutionProperties) = preSolution
		HideSolutionNode = FALSE
	EndGlobalSection
	GlobalSection(ExtensibilityGlobals) = postSolution
		SolutionGuid = {3D8D7F92-2CDA-4D05-8BAD-37CE657D643D}
	EndGlobalSection
EndGlobal
